{
    "_readme": [
        "This file locks the dependencies of your project to a known state",
        "Read more about it at https://getcomposer.org/doc/01-basic-usage.md#composer-lock-the-lock-file",
        "This file is @generated automatically"
    ],
    "hash": "588501c8e21202f6dd715e6d2c90ca1f",
    "packages": [
        {
            "name": "illuminate/console",
            "version": "v5.1.1",
            "source": {
                "type": "git",
                "url": "https://github.com/illuminate/console.git",
                "reference": "793087e7fd43c890c34e2c129a69e897a76ae13f"
            },
            "dist": {
                "type": "zip",
                "url": "https://api.github.com/repos/illuminate/console/zipball/793087e7fd43c890c34e2c129a69e897a76ae13f",
                "reference": "793087e7fd43c890c34e2c129a69e897a76ae13f",
                "shasum": ""
            },
            "require": {
                "illuminate/contracts": "5.1.*",
                "nesbot/carbon": "~1.19",
                "php": ">=5.5.9",
                "symfony/console": "2.7.*"
            },
            "suggest": {
                "guzzlehttp/guzzle": "Required to use the thenPing method on schedules (~5.3|~6.0).",
                "mtdowling/cron-expression": "Required to use scheduling component (~1.0).",
                "symfony/process": "Required to use scheduling component (2.7.*)."
            },
            "type": "library",
            "extra": {
                "branch-alias": {
                    "dev-master": "5.1-dev"
                }
            },
            "autoload": {
                "psr-4": {
                    "Illuminate\\Console\\": ""
                }
            },
            "notification-url": "https://packagist.org/downloads/",
            "license": [
                "MIT"
            ],
            "authors": [
                {
                    "name": "Taylor Otwell",
                    "email": "taylorotwell@gmail.com"
                }
            ],
            "description": "The Illuminate Console package.",
            "homepage": "http://laravel.com",
            "time": "2015-06-06 22:14:10"
        },
        {
            "name": "illuminate/container",
            "version": "v5.1.1",
            "source": {
                "type": "git",
                "url": "https://github.com/illuminate/container.git",
                "reference": "1436eeaaf24f6b0eeea77dd3f4d1b376409e5e19"
            },
            "dist": {
                "type": "zip",
                "url": "https://api.github.com/repos/illuminate/container/zipball/1436eeaaf24f6b0eeea77dd3f4d1b376409e5e19",
                "reference": "1436eeaaf24f6b0eeea77dd3f4d1b376409e5e19",
                "shasum": ""
            },
            "require": {
                "illuminate/contracts": "5.1.*",
                "php": ">=5.5.9"
            },
            "type": "library",
            "extra": {
                "branch-alias": {
                    "dev-master": "5.1-dev"
                }
            },
            "autoload": {
                "psr-4": {
                    "Illuminate\\Container\\": ""
                }
            },
            "notification-url": "https://packagist.org/downloads/",
            "license": [
                "MIT"
            ],
            "authors": [
                {
                    "name": "Taylor Otwell",
                    "email": "taylorotwell@gmail.com"
                }
            ],
            "description": "The Illuminate Container package.",
            "homepage": "http://laravel.com",
            "time": "2015-06-04 16:52:35"
        },
        {
            "name": "illuminate/contracts",
            "version": "v5.1.1",
            "source": {
                "type": "git",
                "url": "https://github.com/illuminate/contracts.git",
                "reference": "6e18848e5d332d802aa8bfa60b95e022023973f1"
            },
            "dist": {
                "type": "zip",
                "url": "https://api.github.com/repos/illuminate/contracts/zipball/6e18848e5d332d802aa8bfa60b95e022023973f1",
                "reference": "6e18848e5d332d802aa8bfa60b95e022023973f1",
                "shasum": ""
            },
            "require": {
                "php": ">=5.5.9"
            },
            "type": "library",
            "extra": {
                "branch-alias": {
                    "dev-master": "5.1-dev"
                }
            },
            "autoload": {
                "psr-4": {
                    "Illuminate\\Contracts\\": ""
                }
            },
            "notification-url": "https://packagist.org/downloads/",
            "license": [
                "MIT"
            ],
            "authors": [
                {
                    "name": "Taylor Otwell",
                    "email": "taylorotwell@gmail.com"
                }
            ],
            "description": "The Illuminate Contracts package.",
            "homepage": "http://laravel.com",
            "time": "2015-06-08 18:13:21"
        },
        {
            "name": "nesbot/carbon",
            "version": "1.20.0",
            "source": {
                "type": "git",
                "url": "https://github.com/briannesbitt/Carbon.git",
                "reference": "bfd3eaba109c9a2405c92174c8e17f20c2b9caf3"
            },
            "dist": {
                "type": "zip",
                "url": "https://api.github.com/repos/briannesbitt/Carbon/zipball/bfd3eaba109c9a2405c92174c8e17f20c2b9caf3",
                "reference": "bfd3eaba109c9a2405c92174c8e17f20c2b9caf3",
                "shasum": ""
            },
            "require": {
                "php": ">=5.3.0",
                "symfony/translation": "~2.6|~3.0"
            },
            "require-dev": {
                "phpunit/phpunit": "~4.0"
            },
            "type": "library",
            "autoload": {
                "psr-0": {
                    "Carbon": "src"
                }
            },
            "notification-url": "https://packagist.org/downloads/",
            "license": [
                "MIT"
            ],
            "authors": [
                {
                    "name": "Brian Nesbitt",
                    "email": "brian@nesbot.com",
                    "homepage": "http://nesbot.com"
                }
            ],
            "description": "A simple API extension for DateTime.",
            "homepage": "http://carbon.nesbot.com",
            "keywords": [
                "date",
                "datetime",
                "time"
            ],
            "time": "2015-06-25 04:19:39"
        },
        {
            "name": "symfony/console",
            "version": "v2.7.2",
            "source": {
                "type": "git",
                "url": "https://github.com/symfony/Console.git",
                "reference": "8cf484449130cabfd98dcb4694ca9945802a21ed"
            },
            "dist": {
                "type": "zip",
                "url": "https://api.github.com/repos/symfony/Console/zipball/8cf484449130cabfd98dcb4694ca9945802a21ed",
                "reference": "8cf484449130cabfd98dcb4694ca9945802a21ed",
                "shasum": ""
            },
            "require": {
                "php": ">=5.3.9"
            },
            "require-dev": {
                "psr/log": "~1.0",
                "symfony/event-dispatcher": "~2.1",
                "symfony/phpunit-bridge": "~2.7",
                "symfony/process": "~2.1"
            },
            "suggest": {
                "psr/log": "For using the console logger",
                "symfony/event-dispatcher": "",
                "symfony/process": ""
            },
            "type": "library",
            "extra": {
                "branch-alias": {
                    "dev-master": "2.7-dev"
                }
            },
            "autoload": {
                "psr-4": {
                    "Symfony\\Component\\Console\\": ""
                }
            },
            "notification-url": "https://packagist.org/downloads/",
            "license": [
                "MIT"
            ],
            "authors": [
                {
                    "name": "Fabien Potencier",
                    "email": "fabien@symfony.com"
                },
                {
                    "name": "Symfony Community",
                    "homepage": "https://symfony.com/contributors"
                }
            ],
            "description": "Symfony Console Component",
            "homepage": "https://symfony.com",
            "time": "2015-07-09 16:07:40"
        },
        {
            "name": "symfony/translation",
            "version": "v2.7.2",
            "source": {
                "type": "git",
                "url": "https://github.com/symfony/Translation.git",
                "reference": "c8dc34cc936152c609cdd722af317e4239d10dd6"
            },
            "dist": {
                "type": "zip",
                "url": "https://api.github.com/repos/symfony/Translation/zipball/c8dc34cc936152c609cdd722af317e4239d10dd6",
                "reference": "c8dc34cc936152c609cdd722af317e4239d10dd6",
                "shasum": ""
            },
            "require": {
                "php": ">=5.3.9"
            },
            "conflict": {
                "symfony/config": "<2.7"
            },
            "require-dev": {
                "psr/log": "~1.0",
                "symfony/config": "~2.7",
                "symfony/intl": "~2.3",
                "symfony/phpunit-bridge": "~2.7",
                "symfony/yaml": "~2.2"
            },
            "suggest": {
                "psr/log": "To use logging capability in translator",
                "symfony/config": "",
                "symfony/yaml": ""
            },
            "type": "library",
            "extra": {
                "branch-alias": {
                    "dev-master": "2.7-dev"
                }
            },
            "autoload": {
                "psr-4": {
                    "Symfony\\Component\\Translation\\": ""
                }
            },
            "notification-url": "https://packagist.org/downloads/",
            "license": [
                "MIT"
            ],
            "authors": [
                {
                    "name": "Fabien Potencier",
                    "email": "fabien@symfony.com"
                },
                {
                    "name": "Symfony Community",
                    "homepage": "https://symfony.com/contributors"
                }
            ],
            "description": "Symfony Translation Component",
            "homepage": "https://symfony.com",
            "time": "2015-07-09 16:07:40"
        },
        {
            "name": "symfony/var-dumper",
            "version": "v2.7.2",
            "source": {
                "type": "git",
                "url": "https://github.com/symfony/var-dumper.git",
                "reference": "fde603d9f4b2418ff0f0315b93eb039c9aa41205"
            },
            "dist": {
                "type": "zip",
                "url": "https://api.github.com/repos/symfony/var-dumper/zipball/fde603d9f4b2418ff0f0315b93eb039c9aa41205",
                "reference": "fde603d9f4b2418ff0f0315b93eb039c9aa41205",
                "shasum": ""
            },
            "require": {
                "php": ">=5.3.9"
            },
            "require-dev": {
                "symfony/phpunit-bridge": "~2.7"
            },
            "suggest": {
                "ext-symfony_debug": ""
            },
            "type": "library",
            "extra": {
                "branch-alias": {
                    "dev-master": "2.7-dev"
                }
            },
            "autoload": {
                "files": [
                    "Resources/functions/dump.php"
                ],
                "psr-4": {
                    "Symfony\\Component\\VarDumper\\": ""
                }
            },
            "notification-url": "https://packagist.org/downloads/",
            "license": [
                "MIT"
            ],
            "authors": [
                {
                    "name": "Nicolas Grekas",
                    "email": "p@tchwork.com"
                },
                {
                    "name": "Symfony Community",
                    "homepage": "https://symfony.com/contributors"
                }
            ],
            "description": "Symfony mechanism for exploring and dumping PHP variables",
            "homepage": "https://symfony.com",
            "keywords": [
                "debug",
                "dump"
            ],
            "time": "2015-07-01 12:07:40"
        }
    ],
    "packages-dev": [],
    "aliases": [],
    "minimum-stability": "stable",
    "stability-flags": [],
    "prefer-stable": false,
    "prefer-lowest": false,
    "platform": {
        "php": ">=5.5.9"
    },
    "platform-dev": []
}
